
Microsoft Visual Studio Solution File, Format Version 12.00
# Visual Studio 2013
VisualStudioVersion = 12.0.31101.0
MinimumVisualStudioVersion = 10.0.40219.1
Project("{FAE04EC0-301F-11D3-BF4B-00C04F79EFBC}") = "code5fun_russo_2015_06_22", "code5fun_russo_2015_06_22\code5fun_russo_2015_06_22.csproj", "{4A68D7E6-0855-4B77-829A-63D98E5AEF2E}"
EndProject
Project("{FAE04EC0-301F-11D3-BF4B-00C04F79EFBC}") = "code5fun_russo_2015_06_22_unit", "code5fun_russo_2015_06_22_unit\code5fun_russo_2015_06_22_unit.csproj", "{EB4C7BB2-8215-4331-A429-F2CC506B3B76}"
EndProject
Global
	GlobalSection(SolutionConfigurationPlatforms) = preSolution
		Debug|Any CPU = Debug|Any CPU
		Release|Any CPU = Release|Any CPU
	EndGlobalSection
	GlobalSection(ProjectConfigurationPlatforms) = postSolution
		{4A68D7E6-0855-4B77-829A-63D98E5AEF2E}.Debug|Any CPU.ActiveCfg = Debug|Any CPU
		{4A68D7E6-0855-4B77-829A-63D98E5AEF2E}.Debug|Any CPU.Build.0 = Debug|Any CPU
		{4A68D7E6-0855-4B77-829A-63D98E5AEF2E}.Release|Any CPU.ActiveCfg = Release|Any CPU
		{4A68D7E6-0855-4B77-829A-63D98E5AEF2E}.Release|Any CPU.Build.0 = Release|Any CPU
		{EB4C7BB2-8215-4331-A429-F2CC506B3B76}.Debug|Any CPU.ActiveCfg = Debug|Any CPU
		{EB4C7BB2-8215-4331-A429-F2CC506B3B76}.Debug|Any CPU.Build.0 = Debug|Any CPU
		{EB4C7BB2-8215-4331-A429-F2CC506B3B76}.Release|Any CPU.ActiveCfg = Release|Any CPU
		{EB4C7BB2-8215-4331-A429-F2CC506B3B76}.Release|Any CPU.Build.0 = Release|Any CPU
	EndGlobalSection
	GlobalSection(SolutionProperties) = preSolution
		HideSolutionNode = FALSE
	EndGlobalSection
EndGlobal
